
Microsoft Visual Studio Solution File, Format Version 12.00
# Visual Studio Version 17
VisualStudioVersion = 17.5.33516.290
MinimumVisualStudioVersion = 10.0.40219.1
Project("{8BC9CEB8-8B4A-11D0-8D11-00A0C91BC942}") = "AboutData.proj1", "AboutData.proj1\AboutData.proj1.vcxproj", "{FF718938-6DA7-47EE-B745-CC5A5482FD30}"
EndProject
Project("{8BC9CEB8-8B4A-11D0-8D11-00A0C91BC942}") = "ExchangeProgram", "ExchangeProgram\ExchangeProgram.vcxproj", "{A7A3AFED-7CF7-429C-AF9B-68B3ED22C7E0}"
EndProject
Project("{8BC9CEB8-8B4A-11D0-8D11-00A0C91BC942}") = "Overflow", "Overflow\Overflow.vcxproj", "{A48A2E7F-9F03-46B3-AEEE-88B01703CB5F}"
EndProject
Project("{8BC9CEB8-8B4A-11D0-8D11-00A0C91BC942}") = "Integers", "Integers\Integers.vcxproj", "{17F750DE-0D45-4557-A408-7134C13F51B1}"
EndProject
Project("{8BC9CEB8-8B4A-11D0-8D11-00A0C91BC942}") = "Fixed_width_integers", "Fixed_width_integers\Fixed_width_integers.vcxproj", "{A51E4716-6CCB-4532-BD40-E30EA786D0A4}"
EndProject
Project("{8BC9CEB8-8B4A-11D0-8D11-00A0C91BC942}") = "Ascllproj", "Ascllproj\Ascllproj.vcxproj", "{9B2A2360-2FE3-4AB2-864C-E2021CC0014E}"
EndProject
Project("{8BC9CEB8-8B4A-11D0-8D11-00A0C91BC942}") = "Realnumber", "Realnumber\Realnumber.vcxproj", "{3D6B40C8-0E1D-4F5C-9B61-482C4E4B8967}"
EndProject
Project("{8BC9CEB8-8B4A-11D0-8D11-00A0C91BC942}") = "AboutData.proj2", "AboutData.proj2\AboutData.proj2.vcxproj", "{E6B0BDBA-B9D9-46E1-8901-3FCAEF970562}"
EndProject
Global
	GlobalSection(SolutionConfigurationPlatforms) = preSolution
		Debug|x64 = Debug|x64
		Debug|x86 = Debug|x86
		Release|x64 = Release|x64
		Release|x86 = Release|x86
	EndGlobalSection
	GlobalSection(ProjectConfigurationPlatforms) = postSolution
		{FF718938-6DA7-47EE-B745-CC5A5482FD30}.Debug|x64.ActiveCfg = Debug|x64
		{FF718938-6DA7-47EE-B745-CC5A5482FD30}.Debug|x64.Build.0 = Debug|x64
		{FF718938-6DA7-47EE-B745-CC5A5482FD30}.Debug|x86.ActiveCfg = Debug|Win32
		{FF718938-6DA7-47EE-B745-CC5A5482FD30}.Debug|x86.Build.0 = Debug|Win32
		{FF718938-6DA7-47EE-B745-CC5A5482FD30}.Release|x64.ActiveCfg = Release|x64
		{FF718938-6DA7-47EE-B745-CC5A5482FD30}.Release|x64.Build.0 = Release|x64
		{FF718938-6DA7-47EE-B745-CC5A5482FD30}.Release|x86.ActiveCfg = Release|Win32
		{FF718938-6DA7-47EE-B745-CC5A5482FD30}.Release|x86.Build.0 = Release|Win32
		{A7A3AFED-7CF7-429C-AF9B-68B3ED22C7E0}.Debug|x64.ActiveCfg = Debug|x64
		{A7A3AFED-7CF7-429C-AF9B-68B3ED22C7E0}.Debug|x64.Build.0 = Debug|x64
		{A7A3AFED-7CF7-429C-AF9B-68B3ED22C7E0}.Debug|x86.ActiveCfg = Debug|Win32
		{A7A3AFED-7CF7-429C-AF9B-68B3ED22C7E0}.Debug|x86.Build.0 = Debug|Win32
		{A7A3AFED-7CF7-429C-AF9B-68B3ED22C7E0}.Release|x64.ActiveCfg = Release|x64
		{A7A3AFED-7CF7-429C-AF9B-68B3ED22C7E0}.Release|x64.Build.0 = Release|x64
		{A7A3AFED-7CF7-429C-AF9B-68B3ED22C7E0}.Release|x86.ActiveCfg = Release|Win32
		{A7A3AFED-7CF7-429C-AF9B-68B3ED22C7E0}.Release|x86.Build.0 = Release|Win32
		{A48A2E7F-9F03-46B3-AEEE-88B01703CB5F}.Debug|x64.ActiveCfg = Debug|x64
		{A48A2E7F-9F03-46B3-AEEE-88B01703CB5F}.Debug|x64.Build.0 = Debug|x64
		{A48A2E7F-9F03-46B3-AEEE-88B01703CB5F}.Debug|x86.ActiveCfg = Debug|Win32
		{A48A2E7F-9F03-46B3-AEEE-88B01703CB5F}.Debug|x86.Build.0 = Debug|Win32
		{A48A2E7F-9F03-46B3-AEEE-88B01703CB5F}.Release|x64.ActiveCfg = Release|x64
		{A48A2E7F-9F03-46B3-AEEE-88B01703CB5F}.Release|x64.Build.0 = Release|x64
		{A48A2E7F-9F03-46B3-AEEE-88B01703CB5F}.Release|x86.ActiveCfg = Release|Win32
		{A48A2E7F-9F03-46B3-AEEE-88B01703CB5F}.Release|x86.Build.0 = Release|Win32
		{17F750DE-0D45-4557-A408-7134C13F51B1}.Debug|x64.ActiveCfg = Debug|x64
		{17F750DE-0D45-4557-A408-7134C13F51B1}.Debug|x64.Build.0 = Debug|x64
		{17F750DE-0D45-4557-A408-7134C13F51B1}.Debug|x86.ActiveCfg = Debug|Win32
		{17F750DE-0D45-4557-A408-7134C13F51B1}.Debug|x86.Build.0 = Debug|Win32
		{17F750DE-0D45-4557-A408-7134C13F51B1}.Release|x64.ActiveCfg = Release|x64
		{17F750DE-0D45-4557-A408-7134C13F51B1}.Release|x64.Build.0 = Release|x64
		{17F750DE-0D45-4557-A408-7134C13F51B1}.Release|x86.ActiveCfg = Release|Win32
		{17F750DE-0D45-4557-A408-7134C13F51B1}.Release|x86.Build.0 = Release|Win32
		{A51E4716-6CCB-4532-BD40-E30EA786D0A4}.Debug|x64.ActiveCfg = Debug|x64
		{A51E4716-6CCB-4532-BD40-E30EA786D0A4}.Debug|x64.Build.0 = Debug|x64
		{A51E4716-6CCB-4532-BD40-E30EA786D0A4}.Debug|x86.ActiveCfg = Debug|Win32
		{A51E4716-6CCB-4532-BD40-E30EA786D0A4}.Debug|x86.Build.0 = Debug|Win32
		{A51E4716-6CCB-4532-BD40-E30EA786D0A4}.Release|x64.ActiveCfg = Release|x64
		{A51E4716-6CCB-4532-BD40-E30EA786D0A4}.Release|x64.Build.0 = Release|x64
		{A51E4716-6CCB-4532-BD40-E30EA786D0A4}.Release|x86.ActiveCfg = Release|Win32
		{A51E4716-6CCB-4532-BD40-E30EA786D0A4}.Release|x86.Build.0 = Release|Win32
		{9B2A2360-2FE3-4AB2-864C-E2021CC0014E}.Debug|x64.ActiveCfg = Debug|x64
		{9B2A2360-2FE3-4AB2-864C-E2021CC0014E}.Debug|x64.Build.0 = Debug|x64
		{9B2A2360-2FE3-4AB2-864C-E2021CC0014E}.Debug|x86.ActiveCfg = Debug|Win32
		{9B2A2360-2FE3-4AB2-864C-E2021CC0014E}.Debug|x86.Build.0 = Debug|Win32
		{9B2A2360-2FE3-4AB2-864C-E2021CC0014E}.Release|x64.ActiveCfg = Release|x64
		{9B2A2360-2FE3-4AB2-864C-E2021CC0014E}.Release|x64.Build.0 = Release|x64
		{9B2A2360-2FE3-4AB2-864C-E2021CC0014E}.Release|x86.ActiveCfg = Release|Win32
		{9B2A2360-2FE3-4AB2-864C-E2021CC0014E}.Release|x86.Build.0 = Release|Win32
		{3D6B40C8-0E1D-4F5C-9B61-482C4E4B8967}.Debug|x64.ActiveCfg = Debug|x64
		{3D6B40C8-0E1D-4F5C-9B61-482C4E4B8967}.Debug|x64.Build.0 = Debug|x64
		{3D6B40C8-0E1D-4F5C-9B61-482C4E4B8967}.Debug|x86.ActiveCfg = Debug|Win32
		{3D6B40C8-0E1D-4F5C-9B61-482C4E4B8967}.Debug|x86.Build.0 = Debug|Win32
		{3D6B40C8-0E1D-4F5C-9B61-482C4E4B8967}.Release|x64.ActiveCfg = Release|x64
		{3D6B40C8-0E1D-4F5C-9B61-482C4E4B8967}.Release|x64.Build.0 = Release|x64
		{3D6B40C8-0E1D-4F5C-9B61-482C4E4B8967}.Release|x86.ActiveCfg = Release|Win32
		{3D6B40C8-0E1D-4F5C-9B61-482C4E4B8967}.Release|x86.Build.0 = Release|Win32
		{E6B0BDBA-B9D9-46E1-8901-3FCAEF970562}.Debug|x64.ActiveCfg = Debug|x64
		{E6B0BDBA-B9D9-46E1-8901-3FCAEF970562}.Debug|x64.Build.0 = Debug|x64
		{E6B0BDBA-B9D9-46E1-8901-3FCAEF970562}.Debug|x86.ActiveCfg = Debug|Win32
		{E6B0BDBA-B9D9-46E1-8901-3FCAEF970562}.Debug|x86.Build.0 = Debug|Win32
		{E6B0BDBA-B9D9-46E1-8901-3FCAEF970562}.Release|x64.ActiveCfg = Release|x64
		{E6B0BDBA-B9D9-46E1-8901-3FCAEF970562}.Release|x64.Build.0 = Release|x64
		{E6B0BDBA-B9D9-46E1-8901-3FCAEF970562}.Release|x86.ActiveCfg = Release|Win32
		{E6B0BDBA-B9D9-46E1-8901-3FCAEF970562}.Release|x86.Build.0 = Release|Win32
	EndGlobalSection
	GlobalSection(SolutionProperties) = preSolution
		HideSolutionNode = FALSE
	EndGlobalSection
	GlobalSection(ExtensibilityGlobals) = postSolution
		SolutionGuid = {BED2F994-07D7-462F-A6E6-650404BACDED}
	EndGlobalSection
EndGlobal
